// !$*UTF8*$!
{
	archiveVersion = 1;
	classes = {
	};
	objectVersion = 46;
	objects = {

/* Begin PBXBuildFile section */
		7E8DCA201C1CBD680022CC7A /* AppDelegate.swift in Sources */ = {isa = PBXBuildFile; fileRef = 7E8DCA1F1C1CBD680022CC7A /* AppDelegate.swift */; };
		7E8DCA221C1CBD680022CC7A /* ViewController.swift in Sources */ = {isa = PBXBuildFile; fileRef = 7E8DCA211C1CBD680022CC7A /* ViewController.swift */; };
		7E8DCA251C1CBD680022CC7A /* Main.storyboard in Resources */ = {isa = PBXBuildFile; fileRef = 7E8DCA231C1CBD680022CC7A /* Main.storyboard */; };
		7E8DCA271C1CBD680022CC7A /* Assets.xcassets in Resources */ = {isa = PBXBuildFile; fileRef = 7E8DCA261C1CBD680022CC7A /* Assets.xcassets */; };
		7E8DCA2A1C1CBD680022CC7A /* LaunchScreen.storyboard in Resources */ = {isa = PBXBuildFile; fileRef = 7E8DCA281C1CBD680022CC7A /* LaunchScreen.storyboard */; };
		7E8DCA351C1CBD690022CC7A /* YTPlayerProjTests.swift in Sources */ = {isa = PBXBuildFile; fileRef = 7E8DCA341C1CBD690022CC7A /* YTPlayerProjTests.swift */; };
		7E8DCA401C1CBD690022CC7A /* YTPlayerProjUITests.swift in Sources */ = {isa = PBXBuildFile; fileRef = 7E8DCA3F1C1CBD690022CC7A /* YTPlayerProjUITests.swift */; };
/* End PBXBuildFile section */

/* Begin PBXContainerItemProxy section */
		7E8DCA311C1CBD690022CC7A /* PBXContainerItemProxy */ = {
			isa = PBXContainerItemProxy;
			containerPortal = 7E8DCA141C1CBD680022CC7A /* Project object */;
			proxyType = 1;
			remoteGlobalIDString = 7E8DCA1B1C1CBD680022CC7A;
			remoteInfo = YTPlayerProj;
		};
		7E8DCA3C1C1CBD690022CC7A /* PBXContainerItemProxy */ = {
			isa = PBXContainerItemProxy;
			containerPortal = 7E8DCA141C1CBD680022CC7A /* Project object */;
			proxyType = 1;
			remoteGlobalIDString = 7E8DCA1B1C1CBD680022CC7A;
			remoteInfo = YTPlayerProj;
		};
/* End PBXContainerItemProxy section */

/* Begin PBXFileReference section */
		7E8DCA1C1C1CBD680022CC7A /* YTPlayerProj.app */ = {isa = PBXFileReference; explicitFileType = wrapper.application; includeInIndex = 0; path = YTPlayerProj.app; sourceTree = BUILT_PRODUCTS_DIR; };
		7E8DCA1F1C1CBD680022CC7A /* AppDelegate.swift */ = {isa = PBXFileReference; lastKnownFileType = sourcecode.swift; path = AppDelegate.swift; sourceTree = "<group>"; };
		7E8DCA211C1CBD680022CC7A /* ViewController.swift */ = {isa = PBXFileReference; lastKnownFileType = sourcecode.swift; path = ViewController.swift; sourceTree = "<group>"; };
		7E8DCA241C1CBD680022CC7A /* Base */ = {isa = PBXFileReference; lastKnownFileType = file.storyboard; name = Base; path = Base.lproj/Main.storyboard; sourceTree = "<group>"; };
		7E8DCA261C1CBD680022CC7A /* Assets.xcassets */ = {isa = PBXFileReference; lastKnownFileType = folder.assetcatalog; path = Assets.xcassets; sourceTree = "<group>"; };
		7E8DCA291C1CBD680022CC7A /* Base */ = {isa = PBXFileReference; lastKnownFileType = file.storyboard; name = Base; path = Base.lproj/LaunchScreen.storyboard; sourceTree = "<group>"; };
		7E8DCA2B1C1CBD680022CC7A /* Info.plist */ = {isa = PBXFileReference; lastKnownFileType = text.plist.xml; path = Info.plist; sourceTree = "<group>"; };
		7E8DCA301C1CBD680022CC7A /* YTPlayerProjTests.xctest */ = {isa = PBXFileReference; explicitFileType = wrapper.cfbundle; includeInIndex = 0; path = YTPlayerProjTests.xctest; sourceTree = BUILT_PRODUCTS_DIR; };
		7E8DCA341C1CBD690022CC7A /* YTPlayerProjTests.swift */ = {isa = PBXFileReference; lastKnownFileType = sourcecode.swift; path = YTPlayerProjTests.swift; sourceTree = "<group>"; };
		7E8DCA361C1CBD690022CC7A /* Info.plist */ = {isa = PBXFileReference; lastKnownFileType = text.plist.xml; path = Info.plist; sourceTree = "<group>"; };
		7E8DCA3B1C1CBD690022CC7A /* YTPlayerProjUITests.xctest */ = {isa = PBXFileReference; explicitFileType = wrapper.cfbundle; includeInIndex = 0; path = YTPlayerProjUITests.xctest; sourceTree = BUILT_PRODUCTS_DIR; };
		7E8DCA3F1C1CBD690022CC7A /* YTPlayerProjUITests.swift */ = {isa = PBXFileReference; lastKnownFileType = sourcecode.swift; path = YTPlayerProjUITests.swift; sourceTree = "<group>"; };
		7E8DCA411C1CBD690022CC7A /* Info.plist */ = {isa = PBXFileReference; lastKnownFileType = text.plist.xml; path = Info.plist; sourceTree = "<group>"; };
/* End PBXFileReference section */

/* Begin PBXFrameworksBuildPhase section */
		7E8DCA191C1CBD680022CC7A /* Frameworks */ = {
			isa = PBXFrameworksBuildPhase;
			buildActionMask = 2147483647;
			files = (
			);
			runOnlyForDeploymentPostprocessing = 0;
		};
		7E8DCA2D1C1CBD680022CC7A /* Frameworks */ = {
			isa = PBXFrameworksBuildPhase;
			buildActionMask = 2147483647;
			files = (
			);
			runOnlyForDeploymentPostprocessing = 0;
		};
		7E8DCA381C1CBD690022CC7A /* Frameworks */ = {
			isa = PBXFrameworksBuildPhase;
			buildActionMask = 2147483647;
			files = (
			);
			runOnlyForDeploymentPostprocessing = 0;
		};
/* End PBXFrameworksBuildPhase section */

/* Begin PBXGroup section */
		7E8DCA131C1CBD680022CC7A = {
			isa = PBXGroup;
			children = (
				7E8DCA1E1C1CBD680022CC7A /* YTPlayerProj */,
				7E8DCA331C1CBD690022CC7A /* YTPlayerProjTests */,
				7E8DCA3E1C1CBD690022CC7A /* YTPlayerProjUITests */,
				7E8DCA1D1C1CBD680022CC7A /* Products */,
			);
			sourceTree = "<group>";
		};
		7E8DCA1D1C1CBD680022CC7A /* Products */ = {
			isa = PBXGroup;
			children = (
				7E8DCA1C1C1CBD680022CC7A /* YTPlayerProj.app */,
				7E8DCA301C1CBD680022CC7A /* YTPlayerProjTests.xctest */,
				7E8DCA3B1C1CBD690022CC7A /* YTPlayerProjUITests.xctest */,
			);
			name = Products;
			sourceTree = "<group>";
		};
		7E8DCA1E1C1CBD680022CC7A /* YTPlayerProj */ = {
			isa = PBXGroup;
			children = (
				7E8DCA1F1C1CBD680022CC7A /* AppDelegate.swift */,
				7E8DCA211C1CBD680022CC7A /* ViewController.swift */,
				7E8DCA231C1CBD680022CC7A /* Main.storyboard */,
				7E8DCA261C1CBD680022CC7A /* Assets.xcassets */,
				7E8DCA281C1CBD680022CC7A /* LaunchScreen.storyboard */,
				7E8DCA2B1C1CBD680022CC7A /* Info.plist */,
			);
			path = YTPlayerProj;
			sourceTree = "<group>";
		};
		7E8DCA331C1CBD690022CC7A /* YTPlayerProjTests */ = {
			isa = PBXGroup;
			children = (
				7E8DCA341C1CBD690022CC7A /* YTPlayerProjTests.swift */,
				7E8DCA361C1CBD690022CC7A /* Info.plist */,
			);
			path = YTPlayerProjTests;
			sourceTree = "<group>";
		};
		7E8DCA3E1C1CBD690022CC7A /* YTPlayerProjUITests */ = {
			isa = PBXGroup;
			children = (
				7E8DCA3F1C1CBD690022CC7A /* YTPlayerProjUITests.swift */,
				7E8DCA411C1CBD690022CC7A /* Info.plist */,
			);
			path = YTPlayerProjUITests;
			sourceTree = "<group>";
		};
/* End PBXGroup section */

/* Begin PBXNativeTarget section */
		7E8DCA1B1C1CBD680022CC7A /* YTPlayerProj */ = {
			isa = PBXNativeTarget;
			buildConfigurationList = 7E8DCA441C1CBD690022CC7A /* Build configuration list for PBXNativeTarget "YTPlayerProj" */;
			buildPhases = (
				7E8DCA181C1CBD680022CC7A /* Sources */,
				7E8DCA191C1CBD680022CC7A /* Frameworks */,
				7E8DCA1A1C1CBD680022CC7A /* Resources */,
			);
			buildRules = (
			);
			dependencies = (
			);
			name = YTPlayerProj;
			productName = YTPlayerProj;
			productReference = 7E8DCA1C1C1CBD680022CC7A /* YTPlayerProj.app */;
			productType = "com.apple.product-type.application";
		};
		7E8DCA2F1C1CBD680022CC7A /* YTPlayerProjTests */ = {
			isa = PBXNativeTarget;
			buildConfigurationList = 7E8DCA471C1CBD690022CC7A /* Build configuration list for PBXNativeTarget "YTPlayerProjTests" */;
			buildPhases = (
				7E8DCA2C1C1CBD680022CC7A /* Sources */,
				7E8DCA2D1C1CBD680022CC7A /* Frameworks */,
				7E8DCA2E1C1CBD680022CC7A /* Resources */,
			);
			buildRules = (
			);
			dependencies = (
				7E8DCA321C1CBD690022CC7A /* PBXTargetDependency */,
			);
			name = YTPlayerProjTests;
			productName = YTPlayerProjTests;
			productReference = 7E8DCA301C1CBD680022CC7A /* YTPlayerProjTests.xctest */;
			productType = "com.apple.product-type.bundle.unit-test";
		};
		7E8DCA3A1C1CBD690022CC7A /* YTPlayerProjUITests */ = {
			isa = PBXNativeTarget;
			buildConfigurationList = 7E8DCA4A1C1CBD690022CC7A /* Build configuration list for PBXNativeTarget "YTPlayerProjUITests" */;
			buildPhases = (
				7E8DCA371C1CBD690022CC7A /* Sources */,
				7E8DCA381C1CBD690022CC7A /* Frameworks */,
				7E8DCA391C1CBD690022CC7A /* Resources */,
			);
			buildRules = (
			);
			dependencies = (
				7E8DCA3D1C1CBD690022CC7A /* PBXTargetDependency */,
			);
			name = YTPlayerProjUITests;
			productName = YTPlayerProjUITests;
			productReference = 7E8DCA3B1C1CBD690022CC7A /* YTPlayerProjUITests.xctest */;
			productType = "com.apple.product-type.bundle.ui-testing";
		};
/* End PBXNativeTarget section */

/* Begin PBXProject section */
		7E8DCA141C1CBD680022CC7A /* Project object */ = {
			isa = PBXProject;
			attributes = {
				LastUpgradeCheck = 0700;
				ORGANIZATIONNAME = "Cameron Novotny";
				TargetAttributes = {
					7E8DCA1B1C1CBD680022CC7A = {
						CreatedOnToolsVersion = 7.0.1;
					};
					7E8DCA2F1C1CBD680022CC7A = {
						CreatedOnToolsVersion = 7.0.1;
						TestTargetID = 7E8DCA1B1C1CBD680022CC7A;
					};
					7E8DCA3A1C1CBD690022CC7A = {
						CreatedOnToolsVersion = 7.0.1;
						TestTargetID = 7E8DCA1B1C1CBD680022CC7A;
					};
				};
			};
			buildConfigurationList = 7E8DCA171C1CBD680022CC7A /* Build configuration list for PBXProject "YTPlayerProj" */;
			compatibilityVersion = "Xcode 3.2";
			developmentRegion = English;
			hasScannedForEncodings = 0;
			knownRegions = (
				en,
				Base,
			);
			mainGroup = 7E8DCA131C1CBD680022CC7A;
			productRefGroup = 7E8DCA1D1C1CBD680022CC7A /* Products */;
			projectDirPath = "";
			projectRoot = "";
			targets = (
				7E8DCA1B1C1CBD680022CC7A /* YTPlayerProj */,
				7E8DCA2F1C1CBD680022CC7A /* YTPlayerProjTests */,
				7E8DCA3A1C1CBD690022CC7A /* YTPlayerProjUITests */,
			);
		};
/* End PBXProject section */

/* Begin PBXResourcesBuildPhase section */
		7E8DCA1A1C1CBD680022CC7A /* Resources */ = {
			isa = PBXResourcesBuildPhase;
			buildActionMask = 2147483647;
			files = (
				7E8DCA2A1C1CBD680022CC7A /* LaunchScreen.storyboard in Resources */,
				7E8DCA271C1CBD680022CC7A /* Assets.xcassets in Resources */,
				7E8DCA251C1CBD680022CC7A /* Main.storyboard in Resources */,
			);
			runOnlyForDeploymentPostprocessing = 0;
		};
		7E8DCA2E1C1CBD680022CC7A /* Resources */ = {
			isa = PBXResourcesBuildPhase;
			buildActionMask = 2147483647;
			files = (
			);
			runOnlyForDeploymentPostprocessing = 0;
		};
		7E8DCA391C1CBD690022CC7A /* Resources */ = {
			isa = PBXResourcesBuildPhase;
			buildActionMask = 2147483647;
			files = (
			);
			runOnlyForDeploymentPostprocessing = 0;
		};
/* End PBXResourcesBuildPhase section */

/* Begin PBXSourcesBuildPhase section */
		7E8DCA181C1CBD680022CC7A /* Sources */ = {
			isa = PBXSourcesBuildPhase;
			buildActionMask = 2147483647;
			files = (
				7E8DCA221C1CBD680022CC7A /* ViewController.swift in Sources */,
				7E8DCA201C1CBD680022CC7A /* AppDelegate.swift in Sources */,
			);
			runOnlyForDeploymentPostprocessing = 0;
		};
		7E8DCA2C1C1CBD680022CC7A /* Sources */ = {
			isa = PBXSourcesBuildPhase;
			buildActionMask = 2147483647;
			files = (
				7E8DCA351C1CBD690022CC7A /* YTPlayerProjTests.swift in Sources */,
			);
			runOnlyForDeploymentPostprocessing = 0;
		};
		7E8DCA371C1CBD690022CC7A /* Sources */ = {
			isa = PBXSourcesBuildPhase;
			buildActionMask = 2147483647;
			files = (
				7E8DCA401C1CBD690022CC7A /* YTPlayerProjUITests.swift in Sources */,
			);
			runOnlyForDeploymentPostprocessing = 0;
		};
/* End PBXSourcesBuildPhase section */

/* Begin PBXTargetDependency section */
		7E8DCA321C1CBD690022CC7A /* PBXTargetDependency */ = {
			isa = PBXTargetDependency;
			target = 7E8DCA1B1C1CBD680022CC7A /* YTPlayerProj */;
			targetProxy = 7E8DCA311C1CBD690022CC7A /* PBXContainerItemProxy */;
		};
		7E8DCA3D1C1CBD690022CC7A /* PBXTargetDependency */ = {
			isa = PBXTargetDependency;
			target = 7E8DCA1B1C1CBD680022CC7A /* YTPlayerProj */;
			targetProxy = 7E8DCA3C1C1CBD690022CC7A /* PBXContainerItemProxy */;
		};
/* End PBXTargetDependency section */

/* Begin PBXVariantGroup section */
		7E8DCA231C1CBD680022CC7A /* Main.storyboard */ = {
			isa = PBXVariantGroup;
			children = (
				7E8DCA241C1CBD680022CC7A /* Base */,
			);
			name = Main.storyboard;
			sourceTree = "<group>";
		};
		7E8DCA281C1CBD680022CC7A /* LaunchScreen.storyboard */ = {
			isa = PBXVariantGroup;
			children = (
				7E8DCA291C1CBD680022CC7A /* Base */,
			);
			name = LaunchScreen.storyboard;
			sourceTree = "<group>";
		};
/* End PBXVariantGroup section */

/* Begin XCBuildConfiguration section */
		7E8DCA421C1CBD690022CC7A /* Debug */ = {
			isa = XCBuildConfiguration;
			buildSettings = {
				ALWAYS_SEARCH_USER_PATHS = NO;
				CLANG_CXX_LANGUAGE_STANDARD = "gnu++0x";
				CLANG_CXX_LIBRARY = "libc++";
				CLANG_ENABLE_MODULES = YES;
				CLANG_ENABLE_OBJC_ARC = YES;
				CLANG_WARN_BOOL_CONVERSION = YES;
				CLANG_WARN_CONSTANT_CONVERSION = YES;
				CLANG_WARN_DIRECT_OBJC_ISA_USAGE = YES_ERROR;
				CLANG_WARN_EMPTY_BODY = YES;
				CLANG_WARN_ENUM_CONVERSION = YES;
				CLANG_WARN_INT_CONVERSION = YES;
				CLANG_WARN_OBJC_ROOT_CLASS = YES_ERROR;
				CLANG_WARN_UNREACHABLE_CODE = YES;
				CLANG_WARN__DUPLICATE_METHOD_MATCH = YES;
				"CODE_SIGN_IDENTITY[sdk=iphoneos*]" = "iPhone Developer";
				COPY_PHASE_STRIP = NO;
				DEBUG_INFORMATION_FORMAT = dwarf;
				ENABLE_STRICT_OBJC_MSGSEND = YES;
				ENABLE_TESTABILITY = YES;
				GCC_C_LANGUAGE_STANDARD = gnu99;
				GCC_DYNAMIC_NO_PIC = NO;
				GCC_NO_COMMON_BLOCKS = YES;
				GCC_OPTIMIZATION_LEVEL = 0;
				GCC_PREPROCESSOR_DEFINITIONS = (
					"DEBUG=1",
					"$(inherited)",
				);
				GCC_WARN_64_TO_32_BIT_CONVERSION = YES;
				GCC_WARN_ABOUT_RETURN_TYPE = YES_ERROR;
				GCC_WARN_UNDECLARED_SELECTOR = YES;
				GCC_WARN_UNINITIALIZED_AUTOS = YES_AGGRESSIVE;
				GCC_WARN_UNUSED_FUNCTION = YES;
				GCC_WARN_UNUSED_VARIABLE = YES;
				IPHONEOS_DEPLOYMENT_TARGET = 9.0;
				MTL_ENABLE_DEBUG_INFO = YES;
				ONLY_ACTIVE_ARCH = YES;
				SDKROOT = iphoneos;
				SWIFT_OPTIMIZATION_LEVEL = "-Onone";
			};
			name = Debug;
		};
		7E8DCA431C1CBD690022CC7A /* Release */ = {
			isa = XCBuildConfiguration;
			buildSettings = {
				ALWAYS_SEARCH_USER_PATHS = NO;
				CLANG_CXX_LANGUAGE_STANDARD = "gnu++0x";
				CLANG_CXX_LIBRARY = "libc++";
				CLANG_ENABLE_MODULES = YES;
				CLANG_ENABLE_OBJC_ARC = YES;
				CLANG_WARN_BOOL_CONVERSION = YES;
				CLANG_WARN_CONSTANT_CONVERSION = YES;
				CLANG_WARN_DIRECT_OBJC_ISA_USAGE = YES_ERROR;
				CLANG_WARN_EMPTY_BODY = YES;
				CLANG_WARN_ENUM_CONVERSION = YES;
				CLANG_WARN_INT_CONVERSION = YES;
				CLANG_WARN_OBJC_ROOT_CLASS = YES_ERROR;
				CLANG_WARN_UNREACHABLE_CODE = YES;
				CLANG_WARN__DUPLICATE_METHOD_MATCH = YES;
				"CODE_SIGN_IDENTITY[sdk=iphoneos*]" = "iPhone Developer";
				COPY_PHASE_STRIP = NO;
				DEBUG_INFORMATION_FORMAT = "dwarf-with-dsym";
				ENABLE_NS_ASSERTIONS = NO;
				ENABLE_STRICT_OBJC_MSGSEND = YES;
				GCC_C_LANGUAGE_STANDARD = gnu99;
				GCC_NO_COMMON_BLOCKS = YES;
				GCC_WARN_64_TO_32_BIT_CONVERSION = YES;
				GCC_WARN_ABOUT_RETURN_TYPE = YES_ERROR;
				GCC_WARN_UNDECLARED_SELECTOR = YES;
				GCC_WARN_UNINITIALIZED_AUTOS = YES_AGGRESSIVE;
				GCC_WARN_UNUSED_FUNCTION = YES;
				GCC_WARN_UNUSED_VARIABLE = YES;
				IPHONEOS_DEPLOYMENT_TARGET = 9.0;
				MTL_ENABLE_DEBUG_INFO = NO;
				SDKROOT = iphoneos;
				VALIDATE_PRODUCT = YES;
			};
			name = Release;
		};
		7E8DCA451C1CBD690022CC7A /* Debug */ = {
			isa = XCBuildConfiguration;
			buildSettings = {
				ASSETCATALOG_COMPILER_APPICON_NAME = AppIcon;
				INFOPLIST_FILE = YTPlayerProj/Info.plist;
				LD_RUNPATH_SEARCH_PATHS = "$(inherited) @executable_path/Frameworks";
				PRODUCT_BUNDLE_IDENTIFIER = novotny.cameron.YTPlayerProj;
				PRODUCT_NAME = "$(TARGET_NAME)";
			};
			name = Debug;
		};
		7E8DCA461C1CBD690022CC7A /* Release */ = {
			isa = XCBuildConfiguration;
			buildSettings = {
				ASSETCATALOG_COMPILER_APPICON_NAME = AppIcon;
				INFOPLIST_FILE = YTPlayerProj/Info.plist;
				LD_RUNPATH_SEARCH_PATHS = "$(inherited) @executable_path/Frameworks";
				PRODUCT_BUNDLE_IDENTIFIER = novotny.cameron.YTPlayerProj;
				PRODUCT_NAME = "$(TARGET_NAME)";
			};
			name = Release;
		};
		7E8DCA481C1CBD690022CC7A /* Debug */ = {
			isa = XCBuildConfiguration;
			buildSettings = {
				BUNDLE_LOADER = "$(TEST_HOST)";
				INFOPLIST_FILE = YTPlayerProjTests/Info.plist;
				LD_RUNPATH_SEARCH_PATHS = "$(inherited) @executable_path/Frameworks @loader_path/Frameworks";
				PRODUCT_BUNDLE_IDENTIFIER = novotny.cameron.YTPlayerProjTests;
				PRODUCT_NAME = "$(TARGET_NAME)";
				TEST_HOST = "$(BUILT_PRODUCTS_DIR)/YTPlayerProj.app/YTPlayerProj";
			};
			name = Debug;
		};
		7E8DCA491C1CBD690022CC7A /* Release */ = {
			isa = XCBuildConfiguration;
			buildSettings = {
				BUNDLE_LOADER = "$(TEST_HOST)";
				INFOPLIST_FILE = YTPlayerProjTests/Info.plist;
				LD_RUNPATH_SEARCH_PATHS = "$(inherited) @executable_path/Frameworks @loader_path/Frameworks";
				PRODUCT_BUNDLE_IDENTIFIER = novotny.cameron.YTPlayerProjTests;
				PRODUCT_NAME = "$(TARGET_NAME)";
				TEST_HOST = "$(BUILT_PRODUCTS_DIR)/YTPlayerProj.app/YTPlayerProj";
			};
			name = Release;
		};
		7E8DCA4B1C1CBD690022CC7A /* Debug */ = {
			isa = XCBuildConfiguration;
			buildSettings = {
				INFOPLIST_FILE = YTPlayerProjUITests/Info.plist;
				LD_RUNPATH_SEARCH_PATHS = "$(inherited) @executable_path/Frameworks @loader_path/Frameworks";
				PRODUCT_BUNDLE_IDENTIFIER = novotny.cameron.YTPlayerProjUITests;
				PRODUCT_NAME = "$(TARGET_NAME)";
				TEST_TARGET_NAME = YTPlayerProj;
				USES_XCTRUNNER = YES;
			};
			name = Debug;
		};
		7E8DCA4C1C1CBD690022CC7A /* Release */ = {
			isa = XCBuildConfiguration;
			buildSettings = {
				INFOPLIST_FILE = YTPlayerProjUITests/Info.plist;
				LD_RUNPATH_SEARCH_PATHS = "$(inherited) @executable_path/Frameworks @loader_path/Frameworks";
				PRODUCT_BUNDLE_IDENTIFIER = novotny.cameron.YTPlayerProjUITests;
				PRODUCT_NAME = "$(TARGET_NAME)";
				TEST_TARGET_NAME = YTPlayerProj;
				USES_XCTRUNNER = YES;
			};
			name = Release;
		};
/* End XCBuildConfiguration section */

/* Begin XCConfigurationList section */
		7E8DCA171C1CBD680022CC7A /* Build configuration list for PBXProject "YTPlayerProj" */ = {
			isa = XCConfigurationList;
			buildConfigurations = (
				7E8DCA421C1CBD690022CC7A /* Debug */,
				7E8DCA431C1CBD690022CC7A /* Release */,
			);
			defaultConfigurationIsVisible = 0;
			defaultConfigurationName = Release;
		};
		7E8DCA441C1CBD690022CC7A /* Build configuration list for PBXNativeTarget "YTPlayerProj" */ = {
			isa = XCConfigurationList;
			buildConfigurations = (
				7E8DCA451C1CBD690022CC7A /* Debug */,
				7E8DCA461C1CBD690022CC7A /* Release */,
			);
			defaultConfigurationIsVisible = 0;
		};
		7E8DCA471C1CBD690022CC7A /* Build configuration list for PBXNativeTarget "YTPlayerProjTests" */ = {
			isa = XCConfigurationList;
			buildConfigurations = (
				7E8DCA481C1CBD690022CC7A /* Debug */,
				7E8DCA491C1CBD690022CC7A /* Release */,
			);
			defaultConfigurationIsVisible = 0;
		};
		7E8DCA4A1C1CBD690022CC7A /* Build configuration list for PBXNativeTarget "YTPlayerProjUITests" */ = {
			isa = XCConfigurationList;
			buildConfigurations = (
				7E8DCA4B1C1CBD690022CC7A /* Debug */,
				7E8DCA4C1C1CBD690022CC7A /* Release */,
			);
			defaultConfigurationIsVisible = 0;
		};
/* End XCConfigurationList section */
	};
	rootObject = 7E8DCA141C1CBD680022CC7A /* Project object */;
}
